
Microsoft Visual Studio Solution File, Format Version 12.00
# Visual Studio Version 16
VisualStudioVersion = 16.0.30002.166
MinimumVisualStudioVersion = 10.0.40219.1
Project("{9A19103F-16F7-4668-BE54-9A1E7A4F7556}") = "Template.Api", "..\Template.Api\Template.Api.csproj", "{BB017302-8E52-48B9-A04E-9057FD696E66}"
EndProject
Project("{9A19103F-16F7-4668-BE54-9A1E7A4F7556}") = "Template.Api.Tests", "..\Template.Api.Tests\Template.Api.Tests.csproj", "{E822FD95-6E3F-426D-8411-30EB48F17561}"
EndProject
Project("{9A19103F-16F7-4668-BE54-9A1E7A4F7556}") = "Template.DataProvider", "..\Template.DataProvider\Template.DataProvider.csproj", "{A078B57D-716E-407D-AF67-71514E2C4925}"
EndProject
Project("{9A19103F-16F7-4668-BE54-9A1E7A4F7556}") = "Template.DataProvider.Tests", "..\Template.DataProvider.Tests\Template.DataProvider.Tests.csproj", "{7D6A7917-BADC-45D4-96E0-9539B863ED06}"
EndProject
Project("{9A19103F-16F7-4668-BE54-9A1E7A4F7556}") = "Template.Domain", "..\Template.Domain\Template.Domain.csproj", "{2DDB763D-D522-4AD6-BD2C-FD48A0FF0982}"
EndProject
Project("{9A19103F-16F7-4668-BE54-9A1E7A4F7556}") = "Template.Extensions", "..\Template.Extensions\Template.Extensions.csproj", "{1DD685E7-5AD1-4D8A-A536-FAC83B8B12D6}"
EndProject
Project("{9A19103F-16F7-4668-BE54-9A1E7A4F7556}") = "Template.Services", "..\Template.Services\Template.Services.csproj", "{854DE1FC-1FD9-417F-86CE-29607821C865}"
EndProject
Project("{9A19103F-16F7-4668-BE54-9A1E7A4F7556}") = "Template.Services.Tests", "..\Template.Services.Tests\Template.Services.Tests.csproj", "{B367D8D2-1C85-4851-9A30-C599BE97237B}"
EndProject
Project("{9A19103F-16F7-4668-BE54-9A1E7A4F7556}") = "Template.WebApp", "Template.WebApp.csproj", "{0AFFDB6C-3D90-4661-AFA4-B0BA78D85CD7}"
EndProject
Project("{FAE04EC0-301F-11D3-BF4B-00C04F79EFBC}") = "Template.Dependency.Injection", "..\Template.Dependency.Injection\Template.Dependency.Injection.csproj", "{910D9A3C-73A3-4536-8E60-D838782A9829}"
EndProject
Global
	GlobalSection(SolutionConfigurationPlatforms) = preSolution
		Debug|Any CPU = Debug|Any CPU
		Release|Any CPU = Release|Any CPU
	EndGlobalSection
	GlobalSection(ProjectConfigurationPlatforms) = postSolution
		{BB017302-8E52-48B9-A04E-9057FD696E66}.Debug|Any CPU.ActiveCfg = Debug|Any CPU
		{BB017302-8E52-48B9-A04E-9057FD696E66}.Debug|Any CPU.Build.0 = Debug|Any CPU
		{BB017302-8E52-48B9-A04E-9057FD696E66}.Release|Any CPU.ActiveCfg = Release|Any CPU
		{BB017302-8E52-48B9-A04E-9057FD696E66}.Release|Any CPU.Build.0 = Release|Any CPU
		{E822FD95-6E3F-426D-8411-30EB48F17561}.Debug|Any CPU.ActiveCfg = Debug|Any CPU
		{E822FD95-6E3F-426D-8411-30EB48F17561}.Debug|Any CPU.Build.0 = Debug|Any CPU
		{E822FD95-6E3F-426D-8411-30EB48F17561}.Release|Any CPU.ActiveCfg = Release|Any CPU
		{E822FD95-6E3F-426D-8411-30EB48F17561}.Release|Any CPU.Build.0 = Release|Any CPU
		{A078B57D-716E-407D-AF67-71514E2C4925}.Debug|Any CPU.ActiveCfg = Debug|Any CPU
		{A078B57D-716E-407D-AF67-71514E2C4925}.Debug|Any CPU.Build.0 = Debug|Any CPU
		{A078B57D-716E-407D-AF67-71514E2C4925}.Release|Any CPU.ActiveCfg = Release|Any CPU
		{A078B57D-716E-407D-AF67-71514E2C4925}.Release|Any CPU.Build.0 = Release|Any CPU
		{7D6A7917-BADC-45D4-96E0-9539B863ED06}.Debug|Any CPU.ActiveCfg = Debug|Any CPU
		{7D6A7917-BADC-45D4-96E0-9539B863ED06}.Debug|Any CPU.Build.0 = Debug|Any CPU
		{7D6A7917-BADC-45D4-96E0-9539B863ED06}.Release|Any CPU.ActiveCfg = Release|Any CPU
		{7D6A7917-BADC-45D4-96E0-9539B863ED06}.Release|Any CPU.Build.0 = Release|Any CPU
		{2DDB763D-D522-4AD6-BD2C-FD48A0FF0982}.Debug|Any CPU.ActiveCfg = Debug|Any CPU
		{2DDB763D-D522-4AD6-BD2C-FD48A0FF0982}.Debug|Any CPU.Build.0 = Debug|Any CPU
		{2DDB763D-D522-4AD6-BD2C-FD48A0FF0982}.Release|Any CPU.ActiveCfg = Release|Any CPU
		{2DDB763D-D522-4AD6-BD2C-FD48A0FF0982}.Release|Any CPU.Build.0 = Release|Any CPU
		{1DD685E7-5AD1-4D8A-A536-FAC83B8B12D6}.Debug|Any CPU.ActiveCfg = Debug|Any CPU
		{1DD685E7-5AD1-4D8A-A536-FAC83B8B12D6}.Debug|Any CPU.Build.0 = Debug|Any CPU
		{1DD685E7-5AD1-4D8A-A536-FAC83B8B12D6}.Release|Any CPU.ActiveCfg = Release|Any CPU
		{1DD685E7-5AD1-4D8A-A536-FAC83B8B12D6}.Release|Any CPU.Build.0 = Release|Any CPU
		{854DE1FC-1FD9-417F-86CE-29607821C865}.Debug|Any CPU.ActiveCfg = Debug|Any CPU
		{854DE1FC-1FD9-417F-86CE-29607821C865}.Debug|Any CPU.Build.0 = Debug|Any CPU
		{854DE1FC-1FD9-417F-86CE-29607821C865}.Release|Any CPU.ActiveCfg = Release|Any CPU
		{854DE1FC-1FD9-417F-86CE-29607821C865}.Release|Any CPU.Build.0 = Release|Any CPU
		{B367D8D2-1C85-4851-9A30-C599BE97237B}.Debug|Any CPU.ActiveCfg = Debug|Any CPU
		{B367D8D2-1C85-4851-9A30-C599BE97237B}.Debug|Any CPU.Build.0 = Debug|Any CPU
		{B367D8D2-1C85-4851-9A30-C599BE97237B}.Release|Any CPU.ActiveCfg = Release|Any CPU
		{B367D8D2-1C85-4851-9A30-C599BE97237B}.Release|Any CPU.Build.0 = Release|Any CPU
		{0AFFDB6C-3D90-4661-AFA4-B0BA78D85CD7}.Debug|Any CPU.ActiveCfg = Debug|Any CPU
		{0AFFDB6C-3D90-4661-AFA4-B0BA78D85CD7}.Debug|Any CPU.Build.0 = Debug|Any CPU
		{0AFFDB6C-3D90-4661-AFA4-B0BA78D85CD7}.Release|Any CPU.ActiveCfg = Release|Any CPU
		{0AFFDB6C-3D90-4661-AFA4-B0BA78D85CD7}.Release|Any CPU.Build.0 = Release|Any CPU
		{910D9A3C-73A3-4536-8E60-D838782A9829}.Debug|Any CPU.ActiveCfg = Debug|Any CPU
		{910D9A3C-73A3-4536-8E60-D838782A9829}.Debug|Any CPU.Build.0 = Debug|Any CPU
		{910D9A3C-73A3-4536-8E60-D838782A9829}.Release|Any CPU.ActiveCfg = Release|Any CPU
		{910D9A3C-73A3-4536-8E60-D838782A9829}.Release|Any CPU.Build.0 = Release|Any CPU
	EndGlobalSection
	GlobalSection(SolutionProperties) = preSolution
		HideSolutionNode = FALSE
	EndGlobalSection
	GlobalSection(ExtensibilityGlobals) = postSolution
		SolutionGuid = {57BA1278-01A7-47BF-BC77-542CE947D69C}
	EndGlobalSection
EndGlobal
