
Microsoft Visual Studio Solution File, Format Version 12.00
# Visual Studio Version 16
VisualStudioVersion = 16.0.30002.166
MinimumVisualStudioVersion = 10.0.40219.1
Project("{9A19103F-16F7-4668-BE54-9A1E7A4F7556}") = "Template.WebApp", "Template.App\Template.WebApp.csproj", "{A114475F-F03F-45DC-8EA3-287D9D7816DD}"
EndProject
Project("{9A19103F-16F7-4668-BE54-9A1E7A4F7556}") = "Template.Api", "Template.Api\Template.Api.csproj", "{25A21DF9-B8F3-46B7-AAD5-784B5B72B8D7}"
EndProject
Project("{9A19103F-16F7-4668-BE54-9A1E7A4F7556}") = "Template.Api.Tests", "Template.Api.Tests\Template.Api.Tests.csproj", "{89E761D0-2A75-44AB-9955-FC1F9986331A}"
EndProject
Project("{9A19103F-16F7-4668-BE54-9A1E7A4F7556}") = "Template.Domain", "Template.Domain\Template.Domain.csproj", "{C3F49F96-D78D-4C02-9883-0AA4996C2B14}"
EndProject
Project("{9A19103F-16F7-4668-BE54-9A1E7A4F7556}") = "Template.DataProvider", "Template.DataProvider\Template.DataProvider.csproj", "{75FE5B75-1A58-4B21-B58B-68F1957733B7}"
EndProject
Project("{9A19103F-16F7-4668-BE54-9A1E7A4F7556}") = "Template.DataProvider.Tests", "Template.DataProvider.Tests\Template.DataProvider.Tests.csproj", "{332D5666-2BFD-4F23-8F2E-FC60C84020EA}"
EndProject
Project("{9A19103F-16F7-4668-BE54-9A1E7A4F7556}") = "Template.Dependency.Injection", "Template.Dependency.Injection\Template.Dependency.Injection.csproj", "{1324AAB1-B422-46A7-9E90-3E9824330FAB}"
EndProject
Project("{9A19103F-16F7-4668-BE54-9A1E7A4F7556}") = "Template.Extensions", "Template.Extensions\Template.Extensions.csproj", "{1D891676-018A-4B0F-8089-3596D736463A}"
EndProject
Project("{9A19103F-16F7-4668-BE54-9A1E7A4F7556}") = "Template.Services", "Template.Services\Template.Services.csproj", "{B01A2853-13F2-4097-8B4C-AE1E96E58E36}"
EndProject
Project("{9A19103F-16F7-4668-BE54-9A1E7A4F7556}") = "Template.Services.Tests", "Template.Services.Tests\Template.Services.Tests.csproj", "{1CCAC892-2401-43A6-A3A7-559B891E1D01}"
EndProject
Global
	GlobalSection(SolutionConfigurationPlatforms) = preSolution
		Debug|Any CPU = Debug|Any CPU
		Release|Any CPU = Release|Any CPU
	EndGlobalSection
	GlobalSection(ProjectConfigurationPlatforms) = postSolution
		{A114475F-F03F-45DC-8EA3-287D9D7816DD}.Debug|Any CPU.ActiveCfg = Debug|Any CPU
		{A114475F-F03F-45DC-8EA3-287D9D7816DD}.Debug|Any CPU.Build.0 = Debug|Any CPU
		{A114475F-F03F-45DC-8EA3-287D9D7816DD}.Release|Any CPU.ActiveCfg = Release|Any CPU
		{A114475F-F03F-45DC-8EA3-287D9D7816DD}.Release|Any CPU.Build.0 = Release|Any CPU
		{25A21DF9-B8F3-46B7-AAD5-784B5B72B8D7}.Debug|Any CPU.ActiveCfg = Debug|Any CPU
		{25A21DF9-B8F3-46B7-AAD5-784B5B72B8D7}.Debug|Any CPU.Build.0 = Debug|Any CPU
		{25A21DF9-B8F3-46B7-AAD5-784B5B72B8D7}.Release|Any CPU.ActiveCfg = Release|Any CPU
		{25A21DF9-B8F3-46B7-AAD5-784B5B72B8D7}.Release|Any CPU.Build.0 = Release|Any CPU
		{89E761D0-2A75-44AB-9955-FC1F9986331A}.Debug|Any CPU.ActiveCfg = Debug|Any CPU
		{89E761D0-2A75-44AB-9955-FC1F9986331A}.Debug|Any CPU.Build.0 = Debug|Any CPU
		{89E761D0-2A75-44AB-9955-FC1F9986331A}.Release|Any CPU.ActiveCfg = Release|Any CPU
		{89E761D0-2A75-44AB-9955-FC1F9986331A}.Release|Any CPU.Build.0 = Release|Any CPU
		{C3F49F96-D78D-4C02-9883-0AA4996C2B14}.Debug|Any CPU.ActiveCfg = Debug|Any CPU
		{C3F49F96-D78D-4C02-9883-0AA4996C2B14}.Debug|Any CPU.Build.0 = Debug|Any CPU
		{C3F49F96-D78D-4C02-9883-0AA4996C2B14}.Release|Any CPU.ActiveCfg = Release|Any CPU
		{C3F49F96-D78D-4C02-9883-0AA4996C2B14}.Release|Any CPU.Build.0 = Release|Any CPU
		{75FE5B75-1A58-4B21-B58B-68F1957733B7}.Debug|Any CPU.ActiveCfg = Debug|Any CPU
		{75FE5B75-1A58-4B21-B58B-68F1957733B7}.Debug|Any CPU.Build.0 = Debug|Any CPU
		{75FE5B75-1A58-4B21-B58B-68F1957733B7}.Release|Any CPU.ActiveCfg = Release|Any CPU
		{75FE5B75-1A58-4B21-B58B-68F1957733B7}.Release|Any CPU.Build.0 = Release|Any CPU
		{332D5666-2BFD-4F23-8F2E-FC60C84020EA}.Debug|Any CPU.ActiveCfg = Debug|Any CPU
		{332D5666-2BFD-4F23-8F2E-FC60C84020EA}.Debug|Any CPU.Build.0 = Debug|Any CPU
		{332D5666-2BFD-4F23-8F2E-FC60C84020EA}.Release|Any CPU.ActiveCfg = Release|Any CPU
		{332D5666-2BFD-4F23-8F2E-FC60C84020EA}.Release|Any CPU.Build.0 = Release|Any CPU
		{1324AAB1-B422-46A7-9E90-3E9824330FAB}.Debug|Any CPU.ActiveCfg = Debug|Any CPU
		{1324AAB1-B422-46A7-9E90-3E9824330FAB}.Debug|Any CPU.Build.0 = Debug|Any CPU
		{1324AAB1-B422-46A7-9E90-3E9824330FAB}.Release|Any CPU.ActiveCfg = Release|Any CPU
		{1324AAB1-B422-46A7-9E90-3E9824330FAB}.Release|Any CPU.Build.0 = Release|Any CPU
		{1D891676-018A-4B0F-8089-3596D736463A}.Debug|Any CPU.ActiveCfg = Debug|Any CPU
		{1D891676-018A-4B0F-8089-3596D736463A}.Debug|Any CPU.Build.0 = Debug|Any CPU
		{1D891676-018A-4B0F-8089-3596D736463A}.Release|Any CPU.ActiveCfg = Release|Any CPU
		{1D891676-018A-4B0F-8089-3596D736463A}.Release|Any CPU.Build.0 = Release|Any CPU
		{B01A2853-13F2-4097-8B4C-AE1E96E58E36}.Debug|Any CPU.ActiveCfg = Debug|Any CPU
		{B01A2853-13F2-4097-8B4C-AE1E96E58E36}.Debug|Any CPU.Build.0 = Debug|Any CPU
		{B01A2853-13F2-4097-8B4C-AE1E96E58E36}.Release|Any CPU.ActiveCfg = Release|Any CPU
		{B01A2853-13F2-4097-8B4C-AE1E96E58E36}.Release|Any CPU.Build.0 = Release|Any CPU
		{1CCAC892-2401-43A6-A3A7-559B891E1D01}.Debug|Any CPU.ActiveCfg = Debug|Any CPU
		{1CCAC892-2401-43A6-A3A7-559B891E1D01}.Debug|Any CPU.Build.0 = Debug|Any CPU
		{1CCAC892-2401-43A6-A3A7-559B891E1D01}.Release|Any CPU.ActiveCfg = Release|Any CPU
		{1CCAC892-2401-43A6-A3A7-559B891E1D01}.Release|Any CPU.Build.0 = Release|Any CPU
	EndGlobalSection
	GlobalSection(SolutionProperties) = preSolution
		HideSolutionNode = FALSE
	EndGlobalSection
	GlobalSection(ExtensibilityGlobals) = postSolution
		SolutionGuid = {17AF3258-D241-47A5-BB0E-DBBD89F7C570}
	EndGlobalSection
EndGlobal
